{
  "name": "server",
  "lockfileVersion": 3,
  "requires": true,
  "packages": {
    "": {
      "dependencies": {
        "animal-hospital-web": "file:.."
      }
    },
    "..": {
      "name": "animal-hospital-web",
      "dependencies": {
        "express": "^4.19.2"
      }
    },
    "node_modules/animal-hospital-web": {
      "resolved": "..",
      "link": true
    }
  }
}
